
Microsoft Visual Studio Solution File, Format Version 12.00
Project("{FAE04EC0-301F-11D3-BF4B-00C04F79EFBC}") = "library-api", "library-api\library-api.csproj", "{250CA9C3-CFD6-456D-A465-518451E434B2}"
EndProject
Global
	GlobalSection(SolutionConfigurationPlatforms) = preSolution
		Debug|Any CPU = Debug|Any CPU
		Release|Any CPU = Release|Any CPU
	EndGlobalSection
	GlobalSection(ProjectConfigurationPlatforms) = postSolution
		{250CA9C3-CFD6-456D-A465-518451E434B2}.Debug|Any CPU.ActiveCfg = Debug|Any CPU
		{250CA9C3-CFD6-456D-A465-518451E434B2}.Debug|Any CPU.Build.0 = Debug|Any CPU
		{250CA9C3-CFD6-456D-A465-518451E434B2}.Release|Any CPU.ActiveCfg = Release|Any CPU
		{250CA9C3-CFD6-456D-A465-518451E434B2}.Release|Any CPU.Build.0 = Release|Any CPU
	EndGlobalSection
EndGlobal
